Microsoft Visual Studio Solution File, Format Version 12.00
# Visual Studio Version 17
VisualStudioVersion = 17.5.2.0
MinimumVisualStudioVersion = 10.0.40219.1
Project("{FAE04EC0-301F-11D3-BF4B-00C04F79EFBC}") = "Aqueous", "Aqueous.csproj", "{0093028F-35FC-4BF4-1005-A5B1EB67B799}"
EndProject
Global
	GlobalSection(SolutionConfigurationPlatforms) = preSolution
		Debug|Any CPU = Debug|Any CPU
		Release|Any CPU = Release|Any CPU
	EndGlobalSection
	GlobalSection(ProjectConfigurationPlatforms) = postSolution
		{0093028F-35FC-4BF4-1005-A5B1EB67B799}.Debug|Any CPU.ActiveCfg = Debug|Any CPU
		{0093028F-35FC-4BF4-1005-A5B1EB67B799}.Debug|Any CPU.Build.0 = Debug|Any CPU
		{0093028F-35FC-4BF4-1005-A5B1EB67B799}.Release|Any CPU.ActiveCfg = Release|Any CPU
		{0093028F-35FC-4BF4-1005-A5B1EB67B799}.Release|Any CPU.Build.0 = Release|Any CPU
	EndGlobalSection
	GlobalSection(SolutionProperties) = preSolution
		HideSolutionNode = FALSE
	EndGlobalSection
	GlobalSection(ExtensibilityGlobals) = postSolution
		SolutionGuid = {3D0E8884-A0F8-4443-A74D-BCF9A3A7339F}
	EndGlobalSection
EndGlobal
